
Microsoft Visual Studio Solution File, Format Version 12.00
# Visual Studio Version 17
VisualStudioVersion = 17.3.32825.248
MinimumVisualStudioVersion = 10.0.40219.1
Project("{FAE04EC0-301F-11D3-BF4B-00C04F79EFBC}") = "spaceShipGame", "spaceShipGame\spaceShipGame.csproj", "{322104B5-993A-496C-A0C0-632F27FA0671}"
EndProject
Global
	GlobalSection(SolutionConfigurationPlatforms) = preSolution
		Debug|Any CPU = Debug|Any CPU
		Release|Any CPU = Release|Any CPU
	EndGlobalSection
	GlobalSection(ProjectConfigurationPlatforms) = postSolution
		{322104B5-993A-496C-A0C0-632F27FA0671}.Debug|Any CPU.ActiveCfg = Debug|Any CPU
		{322104B5-993A-496C-A0C0-632F27FA0671}.Debug|Any CPU.Build.0 = Debug|Any CPU
		{322104B5-993A-496C-A0C0-632F27FA0671}.Release|Any CPU.ActiveCfg = Release|Any CPU
		{322104B5-993A-496C-A0C0-632F27FA0671}.Release|Any CPU.Build.0 = Release|Any CPU
	EndGlobalSection
	GlobalSection(SolutionProperties) = preSolution
		HideSolutionNode = FALSE
	EndGlobalSection
	GlobalSection(ExtensibilityGlobals) = postSolution
		SolutionGuid = {8520F2D2-6E10-4508-8BFB-0FB622BB0AB7}
	EndGlobalSection
EndGlobal
